Microsoft Visual Studio Solution File, Format Version 12.00
# Visual Studio Version 17
VisualStudioVersion = 17.5.2.0
MinimumVisualStudioVersion = 10.0.40219.1
Project("{FAE04EC0-301F-11D3-BF4B-00C04F79EFBC}") = "Phonexis", "Phonexis.csproj", "{2A8BD8F2-85F3-B314-AB84-EE0C1F4CF890}"
EndProject
Global
	GlobalSection(SolutionConfigurationPlatforms) = preSolution
		Debug|Any CPU = Debug|Any CPU
		Release|Any CPU = Release|Any CPU
	EndGlobalSection
	GlobalSection(ProjectConfigurationPlatforms) = postSolution
		{2A8BD8F2-85F3-B314-AB84-EE0C1F4CF890}.Debug|Any CPU.ActiveCfg = Debug|Any CPU
		{2A8BD8F2-85F3-B314-AB84-EE0C1F4CF890}.Debug|Any CPU.Build.0 = Debug|Any CPU
		{2A8BD8F2-85F3-B314-AB84-EE0C1F4CF890}.Release|Any CPU.ActiveCfg = Release|Any CPU
		{2A8BD8F2-85F3-B314-AB84-EE0C1F4CF890}.Release|Any CPU.Build.0 = Release|Any CPU
	EndGlobalSection
	GlobalSection(SolutionProperties) = preSolution
		HideSolutionNode = FALSE
	EndGlobalSection
	GlobalSection(ExtensibilityGlobals) = postSolution
		SolutionGuid = {42C995A9-1CD8-4B5A-9103-237DC3F728F0}
	EndGlobalSection
EndGlobal
